
Microsoft Visual Studio Solution File, Format Version 12.00
# Visual Studio Version 16
VisualStudioVersion = 16.0.30907.101
MinimumVisualStudioVersion = 10.0.40219.1
Project("{FAE04EC0-301F-11D3-BF4B-00C04F79EFBC}") = "OrganizationAPI", "OrganizationAPI\OrganizationAPI.csproj", "{54F0604F-25DB-4AE2-B7F2-1CB9C586F937}"
EndProject
Project("{FAE04EC0-301F-11D3-BF4B-00C04F79EFBC}") = "OrganizationAPITests", "OrganizationAPITests\OrganizationAPITests.csproj", "{5F312C02-73A1-4479-8D6E-C3466AED98B1}"
EndProject
Global
	GlobalSection(SolutionConfigurationPlatforms) = preSolution
		Debug|Any CPU = Debug|Any CPU
		Release|Any CPU = Release|Any CPU
	EndGlobalSection
	GlobalSection(ProjectConfigurationPlatforms) = postSolution
		{54F0604F-25DB-4AE2-B7F2-1CB9C586F937}.Debug|Any CPU.ActiveCfg = Debug|Any CPU
		{54F0604F-25DB-4AE2-B7F2-1CB9C586F937}.Debug|Any CPU.Build.0 = Debug|Any CPU
		{54F0604F-25DB-4AE2-B7F2-1CB9C586F937}.Release|Any CPU.ActiveCfg = Release|Any CPU
		{54F0604F-25DB-4AE2-B7F2-1CB9C586F937}.Release|Any CPU.Build.0 = Release|Any CPU
		{5F312C02-73A1-4479-8D6E-C3466AED98B1}.Debug|Any CPU.ActiveCfg = Debug|Any CPU
		{5F312C02-73A1-4479-8D6E-C3466AED98B1}.Debug|Any CPU.Build.0 = Debug|Any CPU
		{5F312C02-73A1-4479-8D6E-C3466AED98B1}.Release|Any CPU.ActiveCfg = Release|Any CPU
		{5F312C02-73A1-4479-8D6E-C3466AED98B1}.Release|Any CPU.Build.0 = Release|Any CPU
	EndGlobalSection
	GlobalSection(SolutionProperties) = preSolution
		HideSolutionNode = FALSE
	EndGlobalSection
	GlobalSection(ExtensibilityGlobals) = postSolution
		SolutionGuid = {2F2D59F6-A198-4D58-A118-45DD92C0E6E8}
	EndGlobalSection
EndGlobal
